{
  "name": "test02",
  "lockfileVersion": 2,
  "requires": true,
  "packages": {
    "": {
      "dependencies": {
        "create-next-app": "^13.0.2"
      }
    },
    "node_modules/create-next-app": {
      "version": "13.0.2",
      "resolved": "https://registry.npmjs.org/create-next-app/-/create-next-app-13.0.2.tgz",
      "integrity": "sha512-d8DyHh+r8vjRid6p4OQklpbwhssQHWsED1vUhI67PBdPipsbmIJl+Iv3QIcm3uSV/ZO9bpuZJ8xASiW4tPv8Gg==",
      "bin": {
        "create-next-app": "dist/index.js"
      },
      "engines": {
        "node": ">=14.6.0"
      }
    }
  },
  "dependencies": {
    "create-next-app": {
      "version": "13.0.2",
      "resolved": "https://registry.npmjs.org/create-next-app/-/create-next-app-13.0.2.tgz",
      "integrity": "sha512-d8DyHh+r8vjRid6p4OQklpbwhssQHWsED1vUhI67PBdPipsbmIJl+Iv3QIcm3uSV/ZO9bpuZJ8xASiW4tPv8Gg=="
    }
  }
}
